
Microsoft Visual Studio Solution File, Format Version 12.00
# Visual Studio Version 16
VisualStudioVersion = 16.0.29613.14
MinimumVisualStudioVersion = 10.0.40219.1
Project("{FAE04EC0-301F-11D3-BF4B-00C04F79EFBC}") = "ActionPoint", "FunctionalProgrammingExercise\ActionPoint.csproj", "{721F505A-2A05-4F91-8DAE-4A618E233CCF}"
EndProject
Project("{FAE04EC0-301F-11D3-BF4B-00C04F79EFBC}") = "KnightsOfHonor", "KnightsOfHonor\KnightsOfHonor.csproj", "{7E48F255-02F0-43E9-ABE5-1D515EB5ADEF}"
EndProject
Project("{FAE04EC0-301F-11D3-BF4B-00C04F79EFBC}") = "CustomMinFunction", "CustomMinFunction\CustomMinFunction.csproj", "{87D2BF10-631B-47B8-81A6-E6BBE4DD9323}"
EndProject
Project("{FAE04EC0-301F-11D3-BF4B-00C04F79EFBC}") = "FindEvensOrOdds", "FindEvensOrOdds\FindEvensOrOdds.csproj", "{FB4EED03-2496-4812-9991-4C057BACF0CC}"
EndProject
Project("{FAE04EC0-301F-11D3-BF4B-00C04F79EFBC}") = "AppliedArithmetics", "AppliedArithmetics\AppliedArithmetics.csproj", "{75C28DE3-8F12-44D6-B3A4-E3415D771CE5}"
EndProject
Project("{FAE04EC0-301F-11D3-BF4B-00C04F79EFBC}") = "ReverseAndExclude", "ReverseAndExclude\ReverseAndExclude.csproj", "{DDA97D52-212C-4554-BE47-F8C1F324336F}"
EndProject
Project("{FAE04EC0-301F-11D3-BF4B-00C04F79EFBC}") = "PredicateForNames", "PredicateForNames\PredicateForNames.csproj", "{FFB618AC-C6AA-4A59-AC3F-D4B71AF46787}"
EndProject
Project("{FAE04EC0-301F-11D3-BF4B-00C04F79EFBC}") = "CustomComperator", "CustomComperator\CustomComperator.csproj", "{E2B4B5C4-2B8F-4BB8-B010-10348B3BC451}"
EndProject
Project("{FAE04EC0-301F-11D3-BF4B-00C04F79EFBC}") = "ListsOfPredicate", "ListsOfPredicate\ListsOfPredicate.csproj", "{626431AA-202A-45A0-ADCA-2459866E463E}"
EndProject
Project("{FAE04EC0-301F-11D3-BF4B-00C04F79EFBC}") = "PredicateParty", "PredicateParty\PredicateParty.csproj", "{A8E21DD9-2FBC-4C07-916F-F14472B6F0ED}"
EndProject
Project("{FAE04EC0-301F-11D3-BF4B-00C04F79EFBC}") = "11. Party Reservation Filter Module", "11. Party Reservation Filter Module\11. Party Reservation Filter Module.csproj", "{2E88320F-2857-457A-A030-E675F4950F76}"
EndProject
Project("{FAE04EC0-301F-11D3-BF4B-00C04F79EFBC}") = "TriFunction", "TriFunction\TriFunction.csproj", "{339C325D-965E-4DAD-8EE9-E547B66608B5}"
EndProject
Global
	GlobalSection(SolutionConfigurationPlatforms) = preSolution
		Debug|Any CPU = Debug|Any CPU
		Release|Any CPU = Release|Any CPU
	EndGlobalSection
	GlobalSection(ProjectConfigurationPlatforms) = postSolution
		{721F505A-2A05-4F91-8DAE-4A618E233CCF}.Debug|Any CPU.ActiveCfg = Debug|Any CPU
		{721F505A-2A05-4F91-8DAE-4A618E233CCF}.Debug|Any CPU.Build.0 = Debug|Any CPU
		{721F505A-2A05-4F91-8DAE-4A618E233CCF}.Release|Any CPU.ActiveCfg = Release|Any CPU
		{721F505A-2A05-4F91-8DAE-4A618E233CCF}.Release|Any CPU.Build.0 = Release|Any CPU
		{7E48F255-02F0-43E9-ABE5-1D515EB5ADEF}.Debug|Any CPU.ActiveCfg = Debug|Any CPU
		{7E48F255-02F0-43E9-ABE5-1D515EB5ADEF}.Debug|Any CPU.Build.0 = Debug|Any CPU
		{7E48F255-02F0-43E9-ABE5-1D515EB5ADEF}.Release|Any CPU.ActiveCfg = Release|Any CPU
		{7E48F255-02F0-43E9-ABE5-1D515EB5ADEF}.Release|Any CPU.Build.0 = Release|Any CPU
		{87D2BF10-631B-47B8-81A6-E6BBE4DD9323}.Debug|Any CPU.ActiveCfg = Debug|Any CPU
		{87D2BF10-631B-47B8-81A6-E6BBE4DD9323}.Debug|Any CPU.Build.0 = Debug|Any CPU
		{87D2BF10-631B-47B8-81A6-E6BBE4DD9323}.Release|Any CPU.ActiveCfg = Release|Any CPU
		{87D2BF10-631B-47B8-81A6-E6BBE4DD9323}.Release|Any CPU.Build.0 = Release|Any CPU
		{FB4EED03-2496-4812-9991-4C057BACF0CC}.Debug|Any CPU.ActiveCfg = Debug|Any CPU
		{FB4EED03-2496-4812-9991-4C057BACF0CC}.Debug|Any CPU.Build.0 = Debug|Any CPU
		{FB4EED03-2496-4812-9991-4C057BACF0CC}.Release|Any CPU.ActiveCfg = Release|Any CPU
		{FB4EED03-2496-4812-9991-4C057BACF0CC}.Release|Any CPU.Build.0 = Release|Any CPU
		{75C28DE3-8F12-44D6-B3A4-E3415D771CE5}.Debug|Any CPU.ActiveCfg = Debug|Any CPU
		{75C28DE3-8F12-44D6-B3A4-E3415D771CE5}.Debug|Any CPU.Build.0 = Debug|Any CPU
		{75C28DE3-8F12-44D6-B3A4-E3415D771CE5}.Release|Any CPU.ActiveCfg = Release|Any CPU
		{75C28DE3-8F12-44D6-B3A4-E3415D771CE5}.Release|Any CPU.Build.0 = Release|Any CPU
		{DDA97D52-212C-4554-BE47-F8C1F324336F}.Debug|Any CPU.ActiveCfg = Debug|Any CPU
		{DDA97D52-212C-4554-BE47-F8C1F324336F}.Debug|Any CPU.Build.0 = Debug|Any CPU
		{DDA97D52-212C-4554-BE47-F8C1F324336F}.Release|Any CPU.ActiveCfg = Release|Any CPU
		{DDA97D52-212C-4554-BE47-F8C1F324336F}.Release|Any CPU.Build.0 = Release|Any CPU
		{FFB618AC-C6AA-4A59-AC3F-D4B71AF46787}.Debug|Any CPU.ActiveCfg = Debug|Any CPU
		{FFB618AC-C6AA-4A59-AC3F-D4B71AF46787}.Debug|Any CPU.Build.0 = Debug|Any CPU
		{FFB618AC-C6AA-4A59-AC3F-D4B71AF46787}.Release|Any CPU.ActiveCfg = Release|Any CPU
		{FFB618AC-C6AA-4A59-AC3F-D4B71AF46787}.Release|Any CPU.Build.0 = Release|Any CPU
		{E2B4B5C4-2B8F-4BB8-B010-10348B3BC451}.Debug|Any CPU.ActiveCfg = Debug|Any CPU
		{E2B4B5C4-2B8F-4BB8-B010-10348B3BC451}.Debug|Any CPU.Build.0 = Debug|Any CPU
		{E2B4B5C4-2B8F-4BB8-B010-10348B3BC451}.Release|Any CPU.ActiveCfg = Release|Any CPU
		{E2B4B5C4-2B8F-4BB8-B010-10348B3BC451}.Release|Any CPU.Build.0 = Release|Any CPU
		{626431AA-202A-45A0-ADCA-2459866E463E}.Debug|Any CPU.ActiveCfg = Debug|Any CPU
		{626431AA-202A-45A0-ADCA-2459866E463E}.Debug|Any CPU.Build.0 = Debug|Any CPU
		{626431AA-202A-45A0-ADCA-2459866E463E}.Release|Any CPU.ActiveCfg = Release|Any CPU
		{626431AA-202A-45A0-ADCA-2459866E463E}.Release|Any CPU.Build.0 = Release|Any CPU
		{A8E21DD9-2FBC-4C07-916F-F14472B6F0ED}.Debug|Any CPU.ActiveCfg = Debug|Any CPU
		{A8E21DD9-2FBC-4C07-916F-F14472B6F0ED}.Debug|Any CPU.Build.0 = Debug|Any CPU
		{A8E21DD9-2FBC-4C07-916F-F14472B6F0ED}.Release|Any CPU.ActiveCfg = Release|Any CPU
		{A8E21DD9-2FBC-4C07-916F-F14472B6F0ED}.Release|Any CPU.Build.0 = Release|Any CPU
		{2E88320F-2857-457A-A030-E675F4950F76}.Debug|Any CPU.ActiveCfg = Debug|Any CPU
		{2E88320F-2857-457A-A030-E675F4950F76}.Debug|Any CPU.Build.0 = Debug|Any CPU
		{2E88320F-2857-457A-A030-E675F4950F76}.Release|Any CPU.ActiveCfg = Release|Any CPU
		{2E88320F-2857-457A-A030-E675F4950F76}.Release|Any CPU.Build.0 = Release|Any CPU
		{339C325D-965E-4DAD-8EE9-E547B66608B5}.Debug|Any CPU.ActiveCfg = Debug|Any CPU
		{339C325D-965E-4DAD-8EE9-E547B66608B5}.Debug|Any CPU.Build.0 = Debug|Any CPU
		{339C325D-965E-4DAD-8EE9-E547B66608B5}.Release|Any CPU.ActiveCfg = Release|Any CPU
		{339C325D-965E-4DAD-8EE9-E547B66608B5}.Release|Any CPU.Build.0 = Release|Any CPU
	EndGlobalSection
	GlobalSection(SolutionProperties) = preSolution
		HideSolutionNode = FALSE
	EndGlobalSection
	GlobalSection(ExtensibilityGlobals) = postSolution
		SolutionGuid = {DD513E93-4F9F-436E-982F-6A7F3D4A8BA7}
	EndGlobalSection
EndGlobal
